
Microsoft Visual Studio Solution File, Format Version 12.00
# Visual Studio Version 16
VisualStudioVersion = 16.0.31911.196
MinimumVisualStudioVersion = 10.0.40219.1
Project("{FAE04EC0-301F-11D3-BF4B-00C04F79EFBC}") = "Kutuphane.Web", "Kutuphane.Web\Kutuphane.Web.csproj", "{0E6A0383-ED75-43C3-AB7A-8142BA7C221E}"
EndProject
Project("{FAE04EC0-301F-11D3-BF4B-00C04F79EFBC}") = "Kutuphane.Data", "Kutuphane.Data\Kutuphane.Data.csproj", "{40662B27-81D8-4474-92E2-256549B45645}"
EndProject
Global
	GlobalSection(SolutionConfigurationPlatforms) = preSolution
		Debug|Any CPU = Debug|Any CPU
		Release|Any CPU = Release|Any CPU
	EndGlobalSection
	GlobalSection(ProjectConfigurationPlatforms) = postSolution
		{0E6A0383-ED75-43C3-AB7A-8142BA7C221E}.Debug|Any CPU.ActiveCfg = Debug|Any CPU
		{0E6A0383-ED75-43C3-AB7A-8142BA7C221E}.Debug|Any CPU.Build.0 = Debug|Any CPU
		{0E6A0383-ED75-43C3-AB7A-8142BA7C221E}.Release|Any CPU.ActiveCfg = Release|Any CPU
		{0E6A0383-ED75-43C3-AB7A-8142BA7C221E}.Release|Any CPU.Build.0 = Release|Any CPU
		{40662B27-81D8-4474-92E2-256549B45645}.Debug|Any CPU.ActiveCfg = Debug|Any CPU
		{40662B27-81D8-4474-92E2-256549B45645}.Debug|Any CPU.Build.0 = Debug|Any CPU
		{40662B27-81D8-4474-92E2-256549B45645}.Release|Any CPU.ActiveCfg = Release|Any CPU
		{40662B27-81D8-4474-92E2-256549B45645}.Release|Any CPU.Build.0 = Release|Any CPU
	EndGlobalSection
	GlobalSection(SolutionProperties) = preSolution
		HideSolutionNode = FALSE
	EndGlobalSection
	GlobalSection(ExtensibilityGlobals) = postSolution
		SolutionGuid = {4B6154F9-8E3A-4787-8A20-FF8C9CC6A804}
	EndGlobalSection
EndGlobal
